dependencies:
- name: kube-prometheus-stack
  repository: https://prometheus-community.github.io/helm-charts
  version: 66.2.2
- name: loki
  repository: https://grafana.github.io/helm-charts
  version: 6.22.0
- name: alloy
  repository: https://grafana.github.io/helm-charts
  version: 1.1.2
digest: sha256:0e7cc79c1ae9e1f6494b65c9f4797068ced099bf0ede4561790995391a833390
generated: "2025-07-05T15:06:51.543974+09:00"
