dependencies:
- name: kube-prometheus-stack
  repository: https://prometheus-community.github.io/helm-charts
  version: 66.2.2
- name: loki
  repository: https://grafana.github.io/helm-charts
  version: 6.22.0
- name: alloy
  repository: https://grafana.github.io/helm-charts
  version: 0.12.1
digest: sha256:c7edc64294845caad5ac6911810b16f7e83fbbae7d6510661f314ea290919318
generated: "2025-03-04T15:46:23.956885+09:00"
